# DO NOT EDIT MANUALLY - Managed by Fern Replay
version: "1.0"
generations:
  - commit_sha: d62b84d994b80d7a4e31128be4970c153b102e7c
    tree_hash: 7f58b8d3c3e4612c20081a1ffa9b7d6ee721bec4
    timestamp: 2026-05-19T21:15:19.797Z
    cli_version: unknown
    generator_versions: {}
  - commit_sha: 5f33bef37d47ae514ce417bb27e1aad232f269c2
    tree_hash: 8199b765565a95cd970ea13691e2f82c392041b0
    timestamp: 2026-07-14T16:57:30.288Z
    cli_version: unknown
    generator_versions:
      fernapi/fern-php-sdk: 2.1.5
current_generation: 5f33bef37d47ae514ce417bb27e1aad232f269c2
patches: []
