# DO NOT EDIT MANUALLY - Managed by Fern Replay
version: "1.0"
generations:
  - commit_sha: d62b84d994b80d7a4e31128be4970c153b102e7c
    tree_hash: 7f58b8d3c3e4612c20081a1ffa9b7d6ee721bec4
    timestamp: 2026-05-19T21:15:19.797Z
    cli_version: unknown
    generator_versions: {}
current_generation: d62b84d994b80d7a4e31128be4970c153b102e7c
patches: []
